
Microsoft Visual Studio Solution File, Format Version 12.00
# Visual Studio Version 16
VisualStudioVersion = 16.0.29905.134
MinimumVisualStudioVersion = 10.0.40219.1
Project("{9A19103F-16F7-4668-BE54-9A1E7A4F7556}") = "alexa_dotnet_lambda_helloworld", "alexa_dotnet_lambda_helloworld.csproj", "{F1109848-08C8-407B-9335-D1BC92B0860C}"
EndProject
Global
	GlobalSection(SolutionConfigurationPlatforms) = preSolution
		Debug|Any CPU = Debug|Any CPU
		Release|Any CPU = Release|Any CPU
	EndGlobalSection
	GlobalSection(ProjectConfigurationPlatforms) = postSolution
		{F1109848-08C8-407B-9335-D1BC92B0860C}.Debug|Any CPU.ActiveCfg = Debug|Any CPU
		{F1109848-08C8-407B-9335-D1BC92B0860C}.Debug|Any CPU.Build.0 = Debug|Any CPU
		{F1109848-08C8-407B-9335-D1BC92B0860C}.Release|Any CPU.ActiveCfg = Release|Any CPU
		{F1109848-08C8-407B-9335-D1BC92B0860C}.Release|Any CPU.Build.0 = Release|Any CPU
	EndGlobalSection
	GlobalSection(SolutionProperties) = preSolution
		HideSolutionNode = FALSE
	EndGlobalSection
	GlobalSection(ExtensibilityGlobals) = postSolution
		SolutionGuid = {5181D259-9B1E-4B46-BACC-38E2C7CBDC22}
	EndGlobalSection
EndGlobal
